
Microsoft Visual Studio Solution File, Format Version 12.00
# Visual Studio Version 17
VisualStudioVersion = 17.4.33213.308
MinimumVisualStudioVersion = 10.0.40219.1
Project("{FAE04EC0-301F-11D3-BF4B-00C04F79EFBC}") = "SeleniumTests", "SeleniumTests\SeleniumTests.csproj", "{4D93A57E-03DD-4E19-83A4-A485CB0340F4}"
EndProject
Global
	GlobalSection(SolutionConfigurationPlatforms) = preSolution
		Debug|Any CPU = Debug|Any CPU
		Release|Any CPU = Release|Any CPU
	EndGlobalSection
	GlobalSection(ProjectConfigurationPlatforms) = postSolution
		{4D93A57E-03DD-4E19-83A4-A485CB0340F4}.Debug|Any CPU.ActiveCfg = Debug|Any CPU
		{4D93A57E-03DD-4E19-83A4-A485CB0340F4}.Debug|Any CPU.Build.0 = Debug|Any CPU
		{4D93A57E-03DD-4E19-83A4-A485CB0340F4}.Release|Any CPU.ActiveCfg = Release|Any CPU
		{4D93A57E-03DD-4E19-83A4-A485CB0340F4}.Release|Any CPU.Build.0 = Release|Any CPU
	EndGlobalSection
	GlobalSection(SolutionProperties) = preSolution
		HideSolutionNode = FALSE
	EndGlobalSection
	GlobalSection(ExtensibilityGlobals) = postSolution
		SolutionGuid = {6266DA10-FE3E-4476-9F54-AA3FC54C4F18}
	EndGlobalSection
EndGlobal
